
Microsoft Visual Studio Solution File, Format Version 12.00
# Visual Studio Version 17
VisualStudioVersion = 17.3.32825.248
MinimumVisualStudioVersion = 10.0.40219.1
Project("{9A19103F-16F7-4668-BE54-9A1E7A4F7556}") = "Germandf.Website", "Germandf.Website\Germandf.Website.csproj", "{D6AA135C-9A5C-42F6-89DA-81D5C8D96080}"
EndProject
Project("{9A19103F-16F7-4668-BE54-9A1E7A4F7556}") = "Germandf.Website.Tests", "Germandf.Website.Tests\Germandf.Website.Tests.csproj", "{52C29B82-B6E0-4110-B750-173B47C7D53C}"
EndProject
Global
	GlobalSection(SolutionConfigurationPlatforms) = preSolution
		Debug|Any CPU = Debug|Any CPU
		Release|Any CPU = Release|Any CPU
	EndGlobalSection
	GlobalSection(ProjectConfigurationPlatforms) = postSolution
		{D6AA135C-9A5C-42F6-89DA-81D5C8D96080}.Debug|Any CPU.ActiveCfg = Debug|Any CPU
		{D6AA135C-9A5C-42F6-89DA-81D5C8D96080}.Debug|Any CPU.Build.0 = Debug|Any CPU
		{D6AA135C-9A5C-42F6-89DA-81D5C8D96080}.Release|Any CPU.ActiveCfg = Release|Any CPU
		{D6AA135C-9A5C-42F6-89DA-81D5C8D96080}.Release|Any CPU.Build.0 = Release|Any CPU
		{52C29B82-B6E0-4110-B750-173B47C7D53C}.Debug|Any CPU.ActiveCfg = Debug|Any CPU
		{52C29B82-B6E0-4110-B750-173B47C7D53C}.Debug|Any CPU.Build.0 = Debug|Any CPU
		{52C29B82-B6E0-4110-B750-173B47C7D53C}.Release|Any CPU.ActiveCfg = Release|Any CPU
		{52C29B82-B6E0-4110-B750-173B47C7D53C}.Release|Any CPU.Build.0 = Release|Any CPU
	EndGlobalSection
	GlobalSection(SolutionProperties) = preSolution
		HideSolutionNode = FALSE
	EndGlobalSection
	GlobalSection(ExtensibilityGlobals) = postSolution
		SolutionGuid = {1F2A314C-E135-4C27-BF17-C83BA3ADF80E}
	EndGlobalSection
EndGlobal
